
Microsoft Visual Studio Solution File, Format Version 12.00
# Visual Studio Version 16
VisualStudioVersion = 16.0.29806.167
MinimumVisualStudioVersion = 10.0.40219.1
Project("{FAE04EC0-301F-11D3-BF4B-00C04F79EFBC}") = "PickPixForEver.UWP", "PickPixForEver\PickPixForEver.UWP\PickPixForEver.UWP.csproj", "{848EA485-E660-4DCF-A2B0-FE5F0B6DB4DD}"
EndProject
Project("{FAE04EC0-301F-11D3-BF4B-00C04F79EFBC}") = "PickPixForEver.Android", "PickPixForEver\PickPixForEver.Android\PickPixForEver.Android.csproj", "{72BF91ED-C33C-4727-AEDC-A66496F8D4AF}"
EndProject
Project("{FAE04EC0-301F-11D3-BF4B-00C04F79EFBC}") = "PickPixForEver.iOS", "PickPixForEver\PickPixForEver.iOS\PickPixForEver.iOS.csproj", "{F045158B-135C-4B52-9DF5-36E932065CB2}"
EndProject
Project("{9A19103F-16F7-4668-BE54-9A1E7A4F7556}") = "PickPixForEver", "PickPixForEver\PickPixForEver\PickPixForEver.csproj", "{5B376D6C-F1F2-4320-B7B5-D6184A39CFB4}"
EndProject
Project("{2150E333-8FDC-42A3-9474-1A3956D46DE8}") = "Solution Items", "Solution Items", "{64EAF3D0-A19C-4C31-9DFA-6DDC4633FCFB}"
	ProjectSection(SolutionItems) = preProject
		.editorconfig = .editorconfig
	EndProjectSection
EndProject
Project("{FAE04EC0-301F-11D3-BF4B-00C04F79EFBC}") = "PickPixForEver.Console", "PickPixForEver.Console\PickPixForEver.Console.csproj", "{435411E9-22F9-43AB-87C8-75F3DF3E09A6}"
EndProject
Project("{FAE04EC0-301F-11D3-BF4B-00C04F79EFBC}") = "PickPixForEver.MacOS", "PickPixForEver\PickPixForEver.MacOS\PickPixForEver.MacOS.csproj", "{92F331C6-389B-440C-A2E6-053EED2EAFB8}"
EndProject
Global
	GlobalSection(SolutionConfigurationPlatforms) = preSolution
		Debug|Any CPU = Debug|Any CPU
		Debug|ARM = Debug|ARM
		Debug|iPhone = Debug|iPhone
		Debug|iPhoneSimulator = Debug|iPhoneSimulator
		Debug|x64 = Debug|x64
		Debug|x86 = Debug|x86
		Release|Any CPU = Release|Any CPU
		Release|ARM = Release|ARM
		Release|iPhone = Release|iPhone
		Release|iPhoneSimulator = Release|iPhoneSimulator
		Release|x64 = Release|x64
		Release|x86 = Release|x86
	EndGlobalSection
	GlobalSection(ProjectConfigurationPlatforms) = postSolution
		{848EA485-E660-4DCF-A2B0-FE5F0B6DB4DD}.Debug|Any CPU.ActiveCfg = Debug|x86
		{848EA485-E660-4DCF-A2B0-FE5F0B6DB4DD}.Debug|Any CPU.Build.0 = Debug|x86
		{848EA485-E660-4DCF-A2B0-FE5F0B6DB4DD}.Debug|Any CPU.Deploy.0 = Debug|x86
		{848EA485-E660-4DCF-A2B0-FE5F0B6DB4DD}.Debug|ARM.ActiveCfg = Debug|ARM
		{848EA485-E660-4DCF-A2B0-FE5F0B6DB4DD}.Debug|ARM.Build.0 = Debug|ARM
		{848EA485-E660-4DCF-A2B0-FE5F0B6DB4DD}.Debug|ARM.Deploy.0 = Debug|ARM
		{848EA485-E660-4DCF-A2B0-FE5F0B6DB4DD}.Debug|iPhone.ActiveCfg = Debug|x86
		{848EA485-E660-4DCF-A2B0-FE5F0B6DB4DD}.Debug|iPhone.Build.0 = Debug|x86
		{848EA485-E660-4DCF-A2B0-FE5F0B6DB4DD}.Debug|iPhone.Deploy.0 = Debug|x86
		{848EA485-E660-4DCF-A2B0-FE5F0B6DB4DD}.Debug|iPhoneSimulator.ActiveCfg = Debug|x86
		{848EA485-E660-4DCF-A2B0-FE5F0B6DB4DD}.Debug|iPhoneSimulator.Build.0 = Debug|x86
		{848EA485-E660-4DCF-A2B0-FE5F0B6DB4DD}.Debug|iPhoneSimulator.Deploy.0 = Debug|x86
		{848EA485-E660-4DCF-A2B0-FE5F0B6DB4DD}.Debug|x64.ActiveCfg = Debug|x64
		{848EA485-E660-4DCF-A2B0-FE5F0B6DB4DD}.Debug|x64.Build.0 = Debug|x64
		{848EA485-E660-4DCF-A2B0-FE5F0B6DB4DD}.Debug|x64.Deploy.0 = Debug|x64
		{848EA485-E660-4DCF-A2B0-FE5F0B6DB4DD}.Debug|x86.ActiveCfg = Debug|x86
		{848EA485-E660-4DCF-A2B0-FE5F0B6DB4DD}.Debug|x86.Build.0 = Debug|x86
		{848EA485-E660-4DCF-A2B0-FE5F0B6DB4DD}.Debug|x86.Deploy.0 = Debug|x86
		{848EA485-E660-4DCF-A2B0-FE5F0B6DB4DD}.Release|Any CPU.ActiveCfg = Release|x86
		{848EA485-E660-4DCF-A2B0-FE5F0B6DB4DD}.Release|Any CPU.Build.0 = Release|x86
		{848EA485-E660-4DCF-A2B0-FE5F0B6DB4DD}.Release|Any CPU.Deploy.0 = Release|x86
		{848EA485-E660-4DCF-A2B0-FE5F0B6DB4DD}.Release|ARM.ActiveCfg = Release|ARM
		{848EA485-E660-4DCF-A2B0-FE5F0B6DB4DD}.Release|ARM.Build.0 = Release|ARM
		{848EA485-E660-4DCF-A2B0-FE5F0B6DB4DD}.Release|ARM.Deploy.0 = Release|ARM
		{848EA485-E660-4DCF-A2B0-FE5F0B6DB4DD}.Release|iPhone.ActiveCfg = Release|x86
		{848EA485-E660-4DCF-A2B0-FE5F0B6DB4DD}.Release|iPhone.Build.0 = Release|x86
		{848EA485-E660-4DCF-A2B0-FE5F0B6DB4DD}.Release|iPhone.Deploy.0 = Release|x86
		{848EA485-E660-4DCF-A2B0-FE5F0B6DB4DD}.Release|iPhoneSimulator.ActiveCfg = Release|x86
		{848EA485-E660-4DCF-A2B0-FE5F0B6DB4DD}.Release|iPhoneSimulator.Build.0 = Release|x86
		{848EA485-E660-4DCF-A2B0-FE5F0B6DB4DD}.Release|iPhoneSimulator.Deploy.0 = Release|x86
		{848EA485-E660-4DCF-A2B0-FE5F0B6DB4DD}.Release|x64.ActiveCfg = Release|x64
		{848EA485-E660-4DCF-A2B0-FE5F0B6DB4DD}.Release|x64.Build.0 = Release|x64
		{848EA485-E660-4DCF-A2B0-FE5F0B6DB4DD}.Release|x64.Deploy.0 = Release|x64
		{848EA485-E660-4DCF-A2B0-FE5F0B6DB4DD}.Release|x86.ActiveCfg = Release|x86
		{848EA485-E660-4DCF-A2B0-FE5F0B6DB4DD}.Release|x86.Build.0 = Release|x86
		{848EA485-E660-4DCF-A2B0-FE5F0B6DB4DD}.Release|x86.Deploy.0 = Release|x86
		{72BF91ED-C33C-4727-AEDC-A66496F8D4AF}.Debug|Any CPU.ActiveCfg = Debug|Any CPU
		{72BF91ED-C33C-4727-AEDC-A66496F8D4AF}.Debug|Any CPU.Build.0 = Debug|Any CPU
		{72BF91ED-C33C-4727-AEDC-A66496F8D4AF}.Debug|Any CPU.Deploy.0 = Debug|Any CPU
		{72BF91ED-C33C-4727-AEDC-A66496F8D4AF}.Debug|ARM.ActiveCfg = Debug|Any CPU
		{72BF91ED-C33C-4727-AEDC-A66496F8D4AF}.Debug|ARM.Build.0 = Debug|Any CPU
		{72BF91ED-C33C-4727-AEDC-A66496F8D4AF}.Debug|ARM.Deploy.0 = Debug|Any CPU
		{72BF91ED-C33C-4727-AEDC-A66496F8D4AF}.Debug|iPhone.ActiveCfg = Debug|Any CPU
		{72BF91ED-C33C-4727-AEDC-A66496F8D4AF}.Debug|iPhone.Build.0 = Debug|Any CPU
		{72BF91ED-C33C-4727-AEDC-A66496F8D4AF}.Debug|iPhone.Deploy.0 = Debug|Any CPU
		{72BF91ED-C33C-4727-AEDC-A66496F8D4AF}.Debug|iPhoneSimulator.ActiveCfg = Debug|Any CPU
		{72BF91ED-C33C-4727-AEDC-A66496F8D4AF}.Debug|iPhoneSimulator.Build.0 = Debug|Any CPU
		{72BF91ED-C33C-4727-AEDC-A66496F8D4AF}.Debug|iPhoneSimulator.Deploy.0 = Debug|Any CPU
		{72BF91ED-C33C-4727-AEDC-A66496F8D4AF}.Debug|x64.ActiveCfg = Debug|Any CPU
		{72BF91ED-C33C-4727-AEDC-A66496F8D4AF}.Debug|x64.Build.0 = Debug|Any CPU
		{72BF91ED-C33C-4727-AEDC-A66496F8D4AF}.Debug|x64.Deploy.0 = Debug|Any CPU
		{72BF91ED-C33C-4727-AEDC-A66496F8D4AF}.Debug|x86.ActiveCfg = Debug|Any CPU
		{72BF91ED-C33C-4727-AEDC-A66496F8D4AF}.Debug|x86.Build.0 = Debug|Any CPU
		{72BF91ED-C33C-4727-AEDC-A66496F8D4AF}.Debug|x86.Deploy.0 = Debug|Any CPU
		{72BF91ED-C33C-4727-AEDC-A66496F8D4AF}.Release|Any CPU.ActiveCfg = Release|Any CPU
		{72BF91ED-C33C-4727-AEDC-A66496F8D4AF}.Release|Any CPU.Build.0 = Release|Any CPU
		{72BF91ED-C33C-4727-AEDC-A66496F8D4AF}.Release|Any CPU.Deploy.0 = Release|Any CPU
		{72BF91ED-C33C-4727-AEDC-A66496F8D4AF}.Release|ARM.ActiveCfg = Release|Any CPU
		{72BF91ED-C33C-4727-AEDC-A66496F8D4AF}.Release|ARM.Build.0 = Release|Any CPU
		{72BF91ED-C33C-4727-AEDC-A66496F8D4AF}.Release|ARM.Deploy.0 = Release|Any CPU
		{72BF91ED-C33C-4727-AEDC-A66496F8D4AF}.Release|iPhone.ActiveCfg = Release|Any CPU
		{72BF91ED-C33C-4727-AEDC-A66496F8D4AF}.Release|iPhone.Build.0 = Release|Any CPU
		{72BF91ED-C33C-4727-AEDC-A66496F8D4AF}.Release|iPhone.Deploy.0 = Release|Any CPU
		{72BF91ED-C33C-4727-AEDC-A66496F8D4AF}.Release|iPhoneSimulator.ActiveCfg = Release|Any CPU
		{72BF91ED-C33C-4727-AEDC-A66496F8D4AF}.Release|iPhoneSimulator.Build.0 = Release|Any CPU
		{72BF91ED-C33C-4727-AEDC-A66496F8D4AF}.Release|iPhoneSimulator.Deploy.0 = Release|Any CPU
		{72BF91ED-C33C-4727-AEDC-A66496F8D4AF}.Release|x64.ActiveCfg = Release|Any CPU
		{72BF91ED-C33C-4727-AEDC-A66496F8D4AF}.Release|x64.Build.0 = Release|Any CPU
		{72BF91ED-C33C-4727-AEDC-A66496F8D4AF}.Release|x64.Deploy.0 = Release|Any CPU
		{72BF91ED-C33C-4727-AEDC-A66496F8D4AF}.Release|x86.ActiveCfg = Release|Any CPU
		{72BF91ED-C33C-4727-AEDC-A66496F8D4AF}.Release|x86.Build.0 = Release|Any CPU
		{72BF91ED-C33C-4727-AEDC-A66496F8D4AF}.Release|x86.Deploy.0 = Release|Any CPU
		{F045158B-135C-4B52-9DF5-36E932065CB2}.Debug|Any CPU.ActiveCfg = Debug|iPhone
		{F045158B-135C-4B52-9DF5-36E932065CB2}.Debug|Any CPU.Build.0 = Debug|iPhone
		{F045158B-135C-4B52-9DF5-36E932065CB2}.Debug|Any CPU.Deploy.0 = Debug|iPhone
		{F045158B-135C-4B52-9DF5-36E932065CB2}.Debug|ARM.ActiveCfg = Debug|iPhoneSimulator
		{F045158B-135C-4B52-9DF5-36E932065CB2}.Debug|ARM.Build.0 = Debug|iPhoneSimulator
		{F045158B-135C-4B52-9DF5-36E932065CB2}.Debug|ARM.Deploy.0 = Debug|iPhoneSimulator
		{F045158B-135C-4B52-9DF5-36E932065CB2}.Debug|iPhone.ActiveCfg = Debug|iPhone
		{F045158B-135C-4B52-9DF5-36E932065CB2}.Debug|iPhone.Build.0 = Debug|iPhone
		{F045158B-135C-4B52-9DF5-36E932065CB2}.Debug|iPhone.Deploy.0 = Debug|iPhone
		{F045158B-135C-4B52-9DF5-36E932065CB2}.Debug|iPhoneSimulator.ActiveCfg = Debug|iPhoneSimulator
		{F045158B-135C-4B52-9DF5-36E932065CB2}.Debug|iPhoneSimulator.Build.0 = Debug|iPhoneSimulator
		{F045158B-135C-4B52-9DF5-36E932065CB2}.Debug|iPhoneSimulator.Deploy.0 = Debug|iPhoneSimulator
		{F045158B-135C-4B52-9DF5-36E932065CB2}.Debug|x64.ActiveCfg = Debug|iPhone
		{F045158B-135C-4B52-9DF5-36E932065CB2}.Debug|x64.Build.0 = Debug|iPhone
		{F045158B-135C-4B52-9DF5-36E932065CB2}.Debug|x64.Deploy.0 = Debug|iPhone
		{F045158B-135C-4B52-9DF5-36E932065CB2}.Debug|x86.ActiveCfg = Debug|iPhone
		{F045158B-135C-4B52-9DF5-36E932065CB2}.Debug|x86.Build.0 = Debug|iPhone
		{F045158B-135C-4B52-9DF5-36E932065CB2}.Debug|x86.Deploy.0 = Debug|iPhone
		{F045158B-135C-4B52-9DF5-36E932065CB2}.Release|Any CPU.ActiveCfg = Release|iPhone
		{F045158B-135C-4B52-9DF5-36E932065CB2}.Release|Any CPU.Build.0 = Release|iPhone
		{F045158B-135C-4B52-9DF5-36E932065CB2}.Release|Any CPU.Deploy.0 = Release|iPhone
		{F045158B-135C-4B52-9DF5-36E932065CB2}.Release|ARM.ActiveCfg = Release|iPhone
		{F045158B-135C-4B52-9DF5-36E932065CB2}.Release|ARM.Build.0 = Release|iPhone
		{F045158B-135C-4B52-9DF5-36E932065CB2}.Release|ARM.Deploy.0 = Release|iPhone
		{F045158B-135C-4B52-9DF5-36E932065CB2}.Release|iPhone.ActiveCfg = Release|iPhone
		{F045158B-135C-4B52-9DF5-36E932065CB2}.Release|iPhone.Build.0 = Release|iPhone
		{F045158B-135C-4B52-9DF5-36E932065CB2}.Release|iPhone.Deploy.0 = Release|iPhone
		{F045158B-135C-4B52-9DF5-36E932065CB2}.Release|iPhoneSimulator.ActiveCfg = Release|iPhoneSimulator
		{F045158B-135C-4B52-9DF5-36E932065CB2}.Release|iPhoneSimulator.Build.0 = Release|iPhoneSimulator
		{F045158B-135C-4B52-9DF5-36E932065CB2}.Release|iPhoneSimulator.Deploy.0 = Release|iPhoneSimulator
		{F045158B-135C-4B52-9DF5-36E932065CB2}.Release|x64.ActiveCfg = Release|iPhone
		{F045158B-135C-4B52-9DF5-36E932065CB2}.Release|x64.Build.0 = Release|iPhone
		{F045158B-135C-4B52-9DF5-36E932065CB2}.Release|x64.Deploy.0 = Release|iPhone
		{F045158B-135C-4B52-9DF5-36E932065CB2}.Release|x86.ActiveCfg = Release|iPhone
		{F045158B-135C-4B52-9DF5-36E932065CB2}.Release|x86.Build.0 = Release|iPhone
		{F045158B-135C-4B52-9DF5-36E932065CB2}.Release|x86.Deploy.0 = Release|iPhone
		{5B376D6C-F1F2-4320-B7B5-D6184A39CFB4}.Debug|Any CPU.ActiveCfg = Debug|Any CPU
		{5B376D6C-F1F2-4320-B7B5-D6184A39CFB4}.Debug|Any CPU.Build.0 = Debug|Any CPU
		{5B376D6C-F1F2-4320-B7B5-D6184A39CFB4}.Debug|Any CPU.Deploy.0 = Debug|Any CPU
		{5B376D6C-F1F2-4320-B7B5-D6184A39CFB4}.Debug|ARM.ActiveCfg = Debug|Any CPU
		{5B376D6C-F1F2-4320-B7B5-D6184A39CFB4}.Debug|ARM.Build.0 = Debug|Any CPU
		{5B376D6C-F1F2-4320-B7B5-D6184A39CFB4}.Debug|ARM.Deploy.0 = Debug|Any CPU
		{5B376D6C-F1F2-4320-B7B5-D6184A39CFB4}.Debug|iPhone.ActiveCfg = Debug|Any CPU
		{5B376D6C-F1F2-4320-B7B5-D6184A39CFB4}.Debug|iPhone.Build.0 = Debug|Any CPU
		{5B376D6C-F1F2-4320-B7B5-D6184A39CFB4}.Debug|iPhone.Deploy.0 = Debug|Any CPU
		{5B376D6C-F1F2-4320-B7B5-D6184A39CFB4}.Debug|iPhoneSimulator.ActiveCfg = Debug|Any CPU
		{5B376D6C-F1F2-4320-B7B5-D6184A39CFB4}.Debug|iPhoneSimulator.Build.0 = Debug|Any CPU
		{5B376D6C-F1F2-4320-B7B5-D6184A39CFB4}.Debug|iPhoneSimulator.Deploy.0 = Debug|Any CPU
		{5B376D6C-F1F2-4320-B7B5-D6184A39CFB4}.Debug|x64.ActiveCfg = Debug|Any CPU
		{5B376D6C-F1F2-4320-B7B5-D6184A39CFB4}.Debug|x64.Build.0 = Debug|Any CPU
		{5B376D6C-F1F2-4320-B7B5-D6184A39CFB4}.Debug|x64.Deploy.0 = Debug|Any CPU
		{5B376D6C-F1F2-4320-B7B5-D6184A39CFB4}.Debug|x86.ActiveCfg = Debug|Any CPU
		{5B376D6C-F1F2-4320-B7B5-D6184A39CFB4}.Debug|x86.Build.0 = Debug|Any CPU
		{5B376D6C-F1F2-4320-B7B5-D6184A39CFB4}.Debug|x86.Deploy.0 = Debug|Any CPU
		{5B376D6C-F1F2-4320-B7B5-D6184A39CFB4}.Release|Any CPU.ActiveCfg = Release|Any CPU
		{5B376D6C-F1F2-4320-B7B5-D6184A39CFB4}.Release|Any CPU.Build.0 = Release|Any CPU
		{5B376D6C-F1F2-4320-B7B5-D6184A39CFB4}.Release|Any CPU.Deploy.0 = Release|Any CPU
		{5B376D6C-F1F2-4320-B7B5-D6184A39CFB4}.Release|ARM.ActiveCfg = Release|Any CPU
		{5B376D6C-F1F2-4320-B7B5-D6184A39CFB4}.Release|ARM.Build.0 = Release|Any CPU
		{5B376D6C-F1F2-4320-B7B5-D6184A39CFB4}.Release|ARM.Deploy.0 = Release|Any CPU
		{5B376D6C-F1F2-4320-B7B5-D6184A39CFB4}.Release|iPhone.ActiveCfg = Release|Any CPU
		{5B376D6C-F1F2-4320-B7B5-D6184A39CFB4}.Release|iPhone.Build.0 = Release|Any CPU
		{5B376D6C-F1F2-4320-B7B5-D6184A39CFB4}.Release|iPhone.Deploy.0 = Release|Any CPU
		{5B376D6C-F1F2-4320-B7B5-D6184A39CFB4}.Release|iPhoneSimulator.ActiveCfg = Release|Any CPU
		{5B376D6C-F1F2-4320-B7B5-D6184A39CFB4}.Release|iPhoneSimulator.Build.0 = Release|Any CPU
		{5B376D6C-F1F2-4320-B7B5-D6184A39CFB4}.Release|iPhoneSimulator.Deploy.0 = Release|Any CPU
		{5B376D6C-F1F2-4320-B7B5-D6184A39CFB4}.Release|x64.ActiveCfg = Release|Any CPU
		{5B376D6C-F1F2-4320-B7B5-D6184A39CFB4}.Release|x64.Build.0 = Release|Any CPU
		{5B376D6C-F1F2-4320-B7B5-D6184A39CFB4}.Release|x64.Deploy.0 = Release|Any CPU
		{5B376D6C-F1F2-4320-B7B5-D6184A39CFB4}.Release|x86.ActiveCfg = Release|Any CPU
		{5B376D6C-F1F2-4320-B7B5-D6184A39CFB4}.Release|x86.Build.0 = Release|Any CPU
		{5B376D6C-F1F2-4320-B7B5-D6184A39CFB4}.Release|x86.Deploy.0 = Release|Any CPU
		{435411E9-22F9-43AB-87C8-75F3DF3E09A6}.Debug|Any CPU.ActiveCfg = Debug|Any CPU
		{435411E9-22F9-43AB-87C8-75F3DF3E09A6}.Debug|Any CPU.Build.0 = Debug|Any CPU
		{435411E9-22F9-43AB-87C8-75F3DF3E09A6}.Debug|ARM.ActiveCfg = Debug|Any CPU
		{435411E9-22F9-43AB-87C8-75F3DF3E09A6}.Debug|ARM.Build.0 = Debug|Any CPU
		{435411E9-22F9-43AB-87C8-75F3DF3E09A6}.Debug|iPhone.ActiveCfg = Debug|Any CPU
		{435411E9-22F9-43AB-87C8-75F3DF3E09A6}.Debug|iPhone.Build.0 = Debug|Any CPU
		{435411E9-22F9-43AB-87C8-75F3DF3E09A6}.Debug|iPhoneSimulator.ActiveCfg = Debug|Any CPU
		{435411E9-22F9-43AB-87C8-75F3DF3E09A6}.Debug|iPhoneSimulator.Build.0 = Debug|Any CPU
		{435411E9-22F9-43AB-87C8-75F3DF3E09A6}.Debug|x64.ActiveCfg = Debug|Any CPU
		{435411E9-22F9-43AB-87C8-75F3DF3E09A6}.Debug|x64.Build.0 = Debug|Any CPU
		{435411E9-22F9-43AB-87C8-75F3DF3E09A6}.Debug|x86.ActiveCfg = Debug|Any CPU
		{435411E9-22F9-43AB-87C8-75F3DF3E09A6}.Debug|x86.Build.0 = Debug|Any CPU
		{435411E9-22F9-43AB-87C8-75F3DF3E09A6}.Release|Any CPU.ActiveCfg = Release|Any CPU
		{435411E9-22F9-43AB-87C8-75F3DF3E09A6}.Release|Any CPU.Build.0 = Release|Any CPU
		{435411E9-22F9-43AB-87C8-75F3DF3E09A6}.Release|ARM.ActiveCfg = Release|Any CPU
		{435411E9-22F9-43AB-87C8-75F3DF3E09A6}.Release|ARM.Build.0 = Release|Any CPU
		{435411E9-22F9-43AB-87C8-75F3DF3E09A6}.Release|iPhone.ActiveCfg = Release|Any CPU
		{435411E9-22F9-43AB-87C8-75F3DF3E09A6}.Release|iPhone.Build.0 = Release|Any CPU
		{435411E9-22F9-43AB-87C8-75F3DF3E09A6}.Release|iPhoneSimulator.ActiveCfg = Release|Any CPU
		{435411E9-22F9-43AB-87C8-75F3DF3E09A6}.Release|iPhoneSimulator.Build.0 = Release|Any CPU
		{435411E9-22F9-43AB-87C8-75F3DF3E09A6}.Release|x64.ActiveCfg = Release|Any CPU
		{435411E9-22F9-43AB-87C8-75F3DF3E09A6}.Release|x64.Build.0 = Release|Any CPU
		{435411E9-22F9-43AB-87C8-75F3DF3E09A6}.Release|x86.ActiveCfg = Release|Any CPU
		{435411E9-22F9-43AB-87C8-75F3DF3E09A6}.Release|x86.Build.0 = Release|Any CPU
		{92F331C6-389B-440C-A2E6-053EED2EAFB8}.Debug|Any CPU.ActiveCfg = Debug|Any CPU
		{92F331C6-389B-440C-A2E6-053EED2EAFB8}.Debug|Any CPU.Build.0 = Debug|Any CPU
		{92F331C6-389B-440C-A2E6-053EED2EAFB8}.Debug|ARM.ActiveCfg = Debug|Any CPU
		{92F331C6-389B-440C-A2E6-053EED2EAFB8}.Debug|ARM.Build.0 = Debug|Any CPU
		{92F331C6-389B-440C-A2E6-053EED2EAFB8}.Debug|iPhone.ActiveCfg = Debug|Any CPU
		{92F331C6-389B-440C-A2E6-053EED2EAFB8}.Debug|iPhone.Build.0 = Debug|Any CPU
		{92F331C6-389B-440C-A2E6-053EED2EAFB8}.Debug|iPhoneSimulator.ActiveCfg = Debug|Any CPU
		{92F331C6-389B-440C-A2E6-053EED2EAFB8}.Debug|iPhoneSimulator.Build.0 = Debug|Any CPU
		{92F331C6-389B-440C-A2E6-053EED2EAFB8}.Debug|x64.ActiveCfg = Debug|Any CPU
		{92F331C6-389B-440C-A2E6-053EED2EAFB8}.Debug|x64.Build.0 = Debug|Any CPU
		{92F331C6-389B-440C-A2E6-053EED2EAFB8}.Debug|x86.ActiveCfg = Debug|Any CPU
		{92F331C6-389B-440C-A2E6-053EED2EAFB8}.Debug|x86.Build.0 = Debug|Any CPU
		{92F331C6-389B-440C-A2E6-053EED2EAFB8}.Release|Any CPU.ActiveCfg = Release|Any CPU
		{92F331C6-389B-440C-A2E6-053EED2EAFB8}.Release|Any CPU.Build.0 = Release|Any CPU
		{92F331C6-389B-440C-A2E6-053EED2EAFB8}.Release|ARM.ActiveCfg = Release|Any CPU
		{92F331C6-389B-440C-A2E6-053EED2EAFB8}.Release|ARM.Build.0 = Release|Any CPU
		{92F331C6-389B-440C-A2E6-053EED2EAFB8}.Release|iPhone.ActiveCfg = Release|Any CPU
		{92F331C6-389B-440C-A2E6-053EED2EAFB8}.Release|iPhone.Build.0 = Release|Any CPU
		{92F331C6-389B-440C-A2E6-053EED2EAFB8}.Release|iPhoneSimulator.ActiveCfg = Release|Any CPU
		{92F331C6-389B-440C-A2E6-053EED2EAFB8}.Release|iPhoneSimulator.Build.0 = Release|Any CPU
		{92F331C6-389B-440C-A2E6-053EED2EAFB8}.Release|x64.ActiveCfg = Release|Any CPU
		{92F331C6-389B-440C-A2E6-053EED2EAFB8}.Release|x64.Build.0 = Release|Any CPU
		{92F331C6-389B-440C-A2E6-053EED2EAFB8}.Release|x86.ActiveCfg = Release|Any CPU
		{92F331C6-389B-440C-A2E6-053EED2EAFB8}.Release|x86.Build.0 = Release|Any CPU
	EndGlobalSection
	GlobalSection(SolutionProperties) = preSolution
		HideSolutionNode = FALSE
	EndGlobalSection
	GlobalSection(ExtensibilityGlobals) = postSolution
		SolutionGuid = {80883033-5B96-4792-BF6E-2058D8487A25}
	EndGlobalSection
EndGlobal
